devDependencies:
  pnpm: 5.13.4
lockfileVersion: 5.2
packages:
  /pnpm/5.13.4:
    dev: true
    engines:
      node: '>=10.16'
    hasBin: true
    resolution:
      integrity: sha512-Q/1SlzLitcrggjTJN7Ooiu2y5ty+yTaxJYb7xGt6QpNijsIhxkGK58pP8IZYh04C7+8aI9MxNgppOTOyQG7k5g==
specifiers:
  pnpm: ^5.13.4
